
Microsoft Visual Studio Solution File, Format Version 12.00
# Visual Studio Version 17
VisualStudioVersion = 17.14.36109.1 d17.14
MinimumVisualStudioVersion = 10.0.40219.1
Project("{FAE04EC0-301F-11D3-BF4B-00C04F79EFBC}") = "Section A Q2 ATM ConsoleApplication", "Section A Q2 ATM ConsoleApplication.csproj", "{959AE26E-74C2-4B90-A4AA-BD8E556B2F0B}"
EndProject
Global
	GlobalSection(SolutionConfigurationPlatforms) = preSolution
		Debug|Any CPU = Debug|Any CPU
		Release|Any CPU = Release|Any CPU
	EndGlobalSection
	GlobalSection(ProjectConfigurationPlatforms) = postSolution
		{959AE26E-74C2-4B90-A4AA-BD8E556B2F0B}.Debug|Any CPU.ActiveCfg = Debug|Any CPU
		{959AE26E-74C2-4B90-A4AA-BD8E556B2F0B}.Debug|Any CPU.Build.0 = Debug|Any CPU
		{959AE26E-74C2-4B90-A4AA-BD8E556B2F0B}.Release|Any CPU.ActiveCfg = Release|Any CPU
		{959AE26E-74C2-4B90-A4AA-BD8E556B2F0B}.Release|Any CPU.Build.0 = Release|Any CPU
	EndGlobalSection
	GlobalSection(SolutionProperties) = preSolution
		HideSolutionNode = FALSE
	EndGlobalSection
	GlobalSection(ExtensibilityGlobals) = postSolution
		SolutionGuid = {1927D5F0-5376-4A3B-8871-9597D162AFA4}
	EndGlobalSection
EndGlobal
